
Microsoft Visual Studio Solution File, Format Version 11.00
# Visual Studio 2010
Project("{FAE04EC0-301F-11D3-BF4B-00C04F79EFBC}") = "UnityEngine.TestRunner", "UnityEngine.TestRunner.csproj", "{9b956e29-a981-9665-9db0-c53a5730e95d}"
EndProject
Project("{FAE04EC0-301F-11D3-BF4B-00C04F79EFBC}") = "Unity.Mathematics", "Unity.Mathematics.csproj", "{24ae334c-dc53-6f9c-a10a-48b69e988929}"
EndProject
Project("{FAE04EC0-301F-11D3-BF4B-00C04F79EFBC}") = "Assembly-CSharp", "Assembly-CSharp.csproj", "{dd13fc97-6d84-fa1e-acb8-155eba38de53}"
EndProject
Project("{FAE04EC0-301F-11D3-BF4B-00C04F79EFBC}") = "Unity.InputSystem", "Unity.InputSystem.csproj", "{5c851f00-b777-0ff4-8704-9d423f39e1fa}"
EndProject
Project("{FAE04EC0-301F-11D3-BF4B-00C04F79EFBC}") = "Unity.VisualScripting.State", "Unity.VisualScripting.State.csproj", "{be157ae5-5e27-4dc6-8c14-04c91d6a3b29}"
EndProject
Project("{FAE04EC0-301F-11D3-BF4B-00C04F79EFBC}") = "Unity.VisualScripting.Core", "Unity.VisualScripting.Core.csproj", "{d9ec5017-1297-e575-ec60-b6ec36504fff}"
EndProject
Project("{FAE04EC0-301F-11D3-BF4B-00C04F79EFBC}") = "Unity.VisualScripting.Flow", "Unity.VisualScripting.Flow.csproj", "{08edc478-4d29-b269-2ff5-ab9c0d13b647}"
EndProject
Project("{FAE04EC0-301F-11D3-BF4B-00C04F79EFBC}") = "Unity.Animation.Rigging", "Unity.Animation.Rigging.csproj", "{b678c722-3805-2100-fbf0-5ae4844790e9}"
EndProject
Project("{FAE04EC0-301F-11D3-BF4B-00C04F79EFBC}") = "Unity.Burst", "Unity.Burst.csproj", "{de01e223-6ee3-23d5-9445-764ece3df691}"
EndProject
Project("{FAE04EC0-301F-11D3-BF4B-00C04F79EFBC}") = "Unity.TextMeshPro", "Unity.TextMeshPro.csproj", "{4a72f37d-f7ed-e0ed-e118-1c038b5bf018}"
EndProject
Project("{FAE04EC0-301F-11D3-BF4B-00C04F79EFBC}") = "Cinemachine", "Cinemachine.csproj", "{277b1144-270b-19d4-7917-24396dca3d25}"
EndProject
Project("{FAE04EC0-301F-11D3-BF4B-00C04F79EFBC}") = "Unity.Timeline", "Unity.Timeline.csproj", "{245752aa-6387-5525-d303-f0d413d16ef3}"
EndProject
Project("{FAE04EC0-301F-11D3-BF4B-00C04F79EFBC}") = "Unity.VisualScripting.Core.Editor", "Unity.VisualScripting.Core.Editor.csproj", "{82de1262-9dbe-16bc-239b-e16356fac908}"
EndProject
Project("{FAE04EC0-301F-11D3-BF4B-00C04F79EFBC}") = "Unity.VisualStudio.Editor", "Unity.VisualStudio.Editor.csproj", "{11be7106-bf19-f8f8-1660-ad9333bcd468}"
EndProject
Project("{FAE04EC0-301F-11D3-BF4B-00C04F79EFBC}") = "Unity.Timeline.Editor", "Unity.Timeline.Editor.csproj", "{9d6cf861-e0ec-3727-3990-47c9b36fb883}"
EndProject
Project("{FAE04EC0-301F-11D3-BF4B-00C04F79EFBC}") = "com.unity.cinemachine.editor", "com.unity.cinemachine.editor.csproj", "{d4a022b4-9c56-a939-521a-2ec96f83f757}"
EndProject
Project("{FAE04EC0-301F-11D3-BF4B-00C04F79EFBC}") = "Unity.VisualScripting.State.Editor", "Unity.VisualScripting.State.Editor.csproj", "{7e360573-893b-f91e-5f77-1dc4eb22b1b3}"
EndProject
Project("{FAE04EC0-301F-11D3-BF4B-00C04F79EFBC}") = "Unity.TextMeshPro.Editor", "Unity.TextMeshPro.Editor.csproj", "{c808ad2c-20b8-630d-4568-ebc1aab77567}"
EndProject
Project("{FAE04EC0-301F-11D3-BF4B-00C04F79EFBC}") = "VSSettingsProvider", "VSSettingsProvider.csproj", "{a816e069-17ed-9624-75f7-427a68341651}"
EndProject
Project("{FAE04EC0-301F-11D3-BF4B-00C04F79EFBC}") = "Unity.CollabProxy.Editor", "Unity.CollabProxy.Editor.csproj", "{1f141cec-4fd6-e959-b10f-fe284619e087}"
EndProject
Project("{FAE04EC0-301F-11D3-BF4B-00C04F79EFBC}") = "UnityEditor.TestRunner", "UnityEditor.TestRunner.csproj", "{f2bb079c-cfa0-a5e8-264f-f540e2aa00dc}"
EndProject
Project("{FAE04EC0-301F-11D3-BF4B-00C04F79EFBC}") = "Unity.VisualScripting.Flow.Editor", "Unity.VisualScripting.Flow.Editor.csproj", "{6e0195c1-88d7-ed58-98e5-6b5a12552c84}"
EndProject
Project("{FAE04EC0-301F-11D3-BF4B-00C04F79EFBC}") = "Unity.Rider.Editor", "Unity.Rider.Editor.csproj", "{73540611-09f5-1f94-0b91-5bb9028f6d36}"
EndProject
Project("{FAE04EC0-301F-11D3-BF4B-00C04F79EFBC}") = "Unity.Animation.Rigging.Editor", "Unity.Animation.Rigging.Editor.csproj", "{58cbfd4d-83d0-d0ed-1311-1cc55b8fedcc}"
EndProject
Project("{FAE04EC0-301F-11D3-BF4B-00C04F79EFBC}") = "Unity.Burst.Editor", "Unity.Burst.Editor.csproj", "{f02b78bb-cd7b-c4b3-1126-f20592ce7066}"
EndProject
Project("{FAE04EC0-301F-11D3-BF4B-00C04F79EFBC}") = "Unity.Burst.CodeGen", "Unity.Burst.CodeGen.csproj", "{40c346dd-1228-c953-cd93-d049d8f9ad8b}"
EndProject
Project("{FAE04EC0-301F-11D3-BF4B-00C04F79EFBC}") = "Unity.VSCode.Editor", "Unity.VSCode.Editor.csproj", "{dbefdab2-b859-3609-8f4a-4fe952b05444}"
EndProject
Project("{FAE04EC0-301F-11D3-BF4B-00C04F79EFBC}") = "Unity.Mathematics.Editor", "Unity.Mathematics.Editor.csproj", "{0645fd1e-6a7a-5e19-2487-e3bf8c453e1f}"
EndProject
Global
	GlobalSection(SolutionConfigurationPlatforms) = preSolution
		Debug|Any CPU = Debug|Any CPU
	EndGlobalSection
	GlobalSection(ProjectConfigurationPlatforms) = postSolution
		{9b956e29-a981-9665-9db0-c53a5730e95d}.Debug|Any CPU.ActiveCfg = Debug|Any CPU
		{9b956e29-a981-9665-9db0-c53a5730e95d}.Debug|Any CPU.Build.0 = Debug|Any CPU
		{24ae334c-dc53-6f9c-a10a-48b69e988929}.Debug|Any CPU.ActiveCfg = Debug|Any CPU
		{24ae334c-dc53-6f9c-a10a-48b69e988929}.Debug|Any CPU.Build.0 = Debug|Any CPU
		{dd13fc97-6d84-fa1e-acb8-155eba38de53}.Debug|Any CPU.ActiveCfg = Debug|Any CPU
		{dd13fc97-6d84-fa1e-acb8-155eba38de53}.Debug|Any CPU.Build.0 = Debug|Any CPU
		{5c851f00-b777-0ff4-8704-9d423f39e1fa}.Debug|Any CPU.ActiveCfg = Debug|Any CPU
		{5c851f00-b777-0ff4-8704-9d423f39e1fa}.Debug|Any CPU.Build.0 = Debug|Any CPU
		{be157ae5-5e27-4dc6-8c14-04c91d6a3b29}.Debug|Any CPU.ActiveCfg = Debug|Any CPU
		{be157ae5-5e27-4dc6-8c14-04c91d6a3b29}.Debug|Any CPU.Build.0 = Debug|Any CPU
		{d9ec5017-1297-e575-ec60-b6ec36504fff}.Debug|Any CPU.ActiveCfg = Debug|Any CPU
		{d9ec5017-1297-e575-ec60-b6ec36504fff}.Debug|Any CPU.Build.0 = Debug|Any CPU
		{08edc478-4d29-b269-2ff5-ab9c0d13b647}.Debug|Any CPU.ActiveCfg = Debug|Any CPU
		{08edc478-4d29-b269-2ff5-ab9c0d13b647}.Debug|Any CPU.Build.0 = Debug|Any CPU
		{b678c722-3805-2100-fbf0-5ae4844790e9}.Debug|Any CPU.ActiveCfg = Debug|Any CPU
		{b678c722-3805-2100-fbf0-5ae4844790e9}.Debug|Any CPU.Build.0 = Debug|Any CPU
		{de01e223-6ee3-23d5-9445-764ece3df691}.Debug|Any CPU.ActiveCfg = Debug|Any CPU
		{de01e223-6ee3-23d5-9445-764ece3df691}.Debug|Any CPU.Build.0 = Debug|Any CPU
		{4a72f37d-f7ed-e0ed-e118-1c038b5bf018}.Debug|Any CPU.ActiveCfg = Debug|Any CPU
		{4a72f37d-f7ed-e0ed-e118-1c038b5bf018}.Debug|Any CPU.Build.0 = Debug|Any CPU
		{277b1144-270b-19d4-7917-24396dca3d25}.Debug|Any CPU.ActiveCfg = Debug|Any CPU
		{277b1144-270b-19d4-7917-24396dca3d25}.Debug|Any CPU.Build.0 = Debug|Any CPU
		{245752aa-6387-5525-d303-f0d413d16ef3}.Debug|Any CPU.ActiveCfg = Debug|Any CPU
		{245752aa-6387-5525-d303-f0d413d16ef3}.Debug|Any CPU.Build.0 = Debug|Any CPU
		{82de1262-9dbe-16bc-239b-e16356fac908}.Debug|Any CPU.ActiveCfg = Debug|Any CPU
		{82de1262-9dbe-16bc-239b-e16356fac908}.Debug|Any CPU.Build.0 = Debug|Any CPU
		{11be7106-bf19-f8f8-1660-ad9333bcd468}.Debug|Any CPU.ActiveCfg = Debug|Any CPU
		{11be7106-bf19-f8f8-1660-ad9333bcd468}.Debug|Any CPU.Build.0 = Debug|Any CPU
		{9d6cf861-e0ec-3727-3990-47c9b36fb883}.Debug|Any CPU.ActiveCfg = Debug|Any CPU
		{9d6cf861-e0ec-3727-3990-47c9b36fb883}.Debug|Any CPU.Build.0 = Debug|Any CPU
		{d4a022b4-9c56-a939-521a-2ec96f83f757}.Debug|Any CPU.ActiveCfg = Debug|Any CPU
		{d4a022b4-9c56-a939-521a-2ec96f83f757}.Debug|Any CPU.Build.0 = Debug|Any CPU
		{7e360573-893b-f91e-5f77-1dc4eb22b1b3}.Debug|Any CPU.ActiveCfg = Debug|Any CPU
		{7e360573-893b-f91e-5f77-1dc4eb22b1b3}.Debug|Any CPU.Build.0 = Debug|Any CPU
		{c808ad2c-20b8-630d-4568-ebc1aab77567}.Debug|Any CPU.ActiveCfg = Debug|Any CPU
		{c808ad2c-20b8-630d-4568-ebc1aab77567}.Debug|Any CPU.Build.0 = Debug|Any CPU
		{a816e069-17ed-9624-75f7-427a68341651}.Debug|Any CPU.ActiveCfg = Debug|Any CPU
		{a816e069-17ed-9624-75f7-427a68341651}.Debug|Any CPU.Build.0 = Debug|Any CPU
		{1f141cec-4fd6-e959-b10f-fe284619e087}.Debug|Any CPU.ActiveCfg = Debug|Any CPU
		{1f141cec-4fd6-e959-b10f-fe284619e087}.Debug|Any CPU.Build.0 = Debug|Any CPU
		{f2bb079c-cfa0-a5e8-264f-f540e2aa00dc}.Debug|Any CPU.ActiveCfg = Debug|Any CPU
		{f2bb079c-cfa0-a5e8-264f-f540e2aa00dc}.Debug|Any CPU.Build.0 = Debug|Any CPU
		{6e0195c1-88d7-ed58-98e5-6b5a12552c84}.Debug|Any CPU.ActiveCfg = Debug|Any CPU
		{6e0195c1-88d7-ed58-98e5-6b5a12552c84}.Debug|Any CPU.Build.0 = Debug|Any CPU
		{73540611-09f5-1f94-0b91-5bb9028f6d36}.Debug|Any CPU.ActiveCfg = Debug|Any CPU
		{73540611-09f5-1f94-0b91-5bb9028f6d36}.Debug|Any CPU.Build.0 = Debug|Any CPU
		{58cbfd4d-83d0-d0ed-1311-1cc55b8fedcc}.Debug|Any CPU.ActiveCfg = Debug|Any CPU
		{58cbfd4d-83d0-d0ed-1311-1cc55b8fedcc}.Debug|Any CPU.Build.0 = Debug|Any CPU
		{f02b78bb-cd7b-c4b3-1126-f20592ce7066}.Debug|Any CPU.ActiveCfg = Debug|Any CPU
		{f02b78bb-cd7b-c4b3-1126-f20592ce7066}.Debug|Any CPU.Build.0 = Debug|Any CPU
		{40c346dd-1228-c953-cd93-d049d8f9ad8b}.Debug|Any CPU.ActiveCfg = Debug|Any CPU
		{40c346dd-1228-c953-cd93-d049d8f9ad8b}.Debug|Any CPU.Build.0 = Debug|Any CPU
		{dbefdab2-b859-3609-8f4a-4fe952b05444}.Debug|Any CPU.ActiveCfg = Debug|Any CPU
		{dbefdab2-b859-3609-8f4a-4fe952b05444}.Debug|Any CPU.Build.0 = Debug|Any CPU
		{0645fd1e-6a7a-5e19-2487-e3bf8c453e1f}.Debug|Any CPU.ActiveCfg = Debug|Any CPU
		{0645fd1e-6a7a-5e19-2487-e3bf8c453e1f}.Debug|Any CPU.Build.0 = Debug|Any CPU
	EndGlobalSection
	GlobalSection(SolutionProperties) = preSolution
		HideSolutionNode = FALSE
	EndGlobalSection
EndGlobal
